{
 "name": "app",
 "version": "1.0.0",
 "lockfileVersion": 3,
 "packages": {
  "": {
   "name": "app",
   "version": "1.0.0",
   "dependencies": {
    "express": "4.22.3",
    "react": "18.3.1"
   }
  },
  "node_modules/express": {
   "version": "4.22.3",
   "resolved": "http://blessed.test/express/-/express-4.22.3.tgz",
   "integrity": "sha512-AAAA"
  },
  "node_modules/react": {
   "version": "18.3.1",
   "resolved": "http://blessed.test/react/-/react-18.3.1.tgz",
   "integrity": "sha512-AAAA"
  }
 }
}